
Microsoft Visual Studio Solution File, Format Version 12.00
# Visual Studio Version 16
VisualStudioVersion = 16.0.31025.194
MinimumVisualStudioVersion = 10.0.40219.1
Project("{FAE04EC0-301F-11D3-BF4B-00C04F79EFBC}") = "AuthorizationProject", "AuthorizationProject\AuthorizationProject.csproj", "{013D0F4D-D822-4C0E-A9BC-2DD7ED297001}"
EndProject
Global
	GlobalSection(SolutionConfigurationPlatforms) = preSolution
		Debug|Any CPU = Debug|Any CPU
		Release|Any CPU = Release|Any CPU
	EndGlobalSection
	GlobalSection(ProjectConfigurationPlatforms) = postSolution
		{013D0F4D-D822-4C0E-A9BC-2DD7ED297001}.Debug|Any CPU.ActiveCfg = Debug|Any CPU
		{013D0F4D-D822-4C0E-A9BC-2DD7ED297001}.Debug|Any CPU.Build.0 = Debug|Any CPU
		{013D0F4D-D822-4C0E-A9BC-2DD7ED297001}.Release|Any CPU.ActiveCfg = Release|Any CPU
		{013D0F4D-D822-4C0E-A9BC-2DD7ED297001}.Release|Any CPU.Build.0 = Release|Any CPU
	EndGlobalSection
	GlobalSection(SolutionProperties) = preSolution
		HideSolutionNode = FALSE
	EndGlobalSection
	GlobalSection(ExtensibilityGlobals) = postSolution
		SolutionGuid = {B325BD43-2CBD-4D28-8A9E-6B378C7A9D91}
	EndGlobalSection
EndGlobal
