
Microsoft Visual Studio Solution File, Format Version 12.00
# Visual Studio Version 16
VisualStudioVersion = 16.0.31025.194
MinimumVisualStudioVersion = 10.0.40219.1
Project("{FAE04EC0-301F-11D3-BF4B-00C04F79EFBC}") = "AuthService", "AuthService.csproj", "{C21B094D-F337-41C6-A78F-E5764E1E2E81}"
EndProject
Global
	GlobalSection(SolutionConfigurationPlatforms) = preSolution
		Debug|Any CPU = Debug|Any CPU
		Release|Any CPU = Release|Any CPU
	EndGlobalSection
	GlobalSection(ProjectConfigurationPlatforms) = postSolution
		{C21B094D-F337-41C6-A78F-E5764E1E2E81}.Debug|Any CPU.ActiveCfg = Debug|Any CPU
		{C21B094D-F337-41C6-A78F-E5764E1E2E81}.Debug|Any CPU.Build.0 = Debug|Any CPU
		{C21B094D-F337-41C6-A78F-E5764E1E2E81}.Release|Any CPU.ActiveCfg = Release|Any CPU
		{C21B094D-F337-41C6-A78F-E5764E1E2E81}.Release|Any CPU.Build.0 = Release|Any CPU
	EndGlobalSection
	GlobalSection(SolutionProperties) = preSolution
		HideSolutionNode = FALSE
	EndGlobalSection
	GlobalSection(ExtensibilityGlobals) = postSolution
		SolutionGuid = {EAF0146F-A61B-4E68-A066-C26C8A111B34}
	EndGlobalSection
EndGlobal
